
Microsoft Visual Studio Solution File, Format Version 12.00
# Visual Studio Version 16
VisualStudioVersion = 16.0.31410.357
MinimumVisualStudioVersion = 10.0.40219.1
Project("{8BC9CEB8-8B4A-11D0-8D11-00A0C91BC942}") = "PARIKSHAK", "PARIKSHAK.vcxproj", "{19839CA9-EE32-48FD-A864-7BB7F1BE3364}"
EndProject
Global
	GlobalSection(SolutionConfigurationPlatforms) = preSolution
		Debug|x64 = Debug|x64
		Debug|x86 = Debug|x86
		Release|x64 = Release|x64
		Release|x86 = Release|x86
	EndGlobalSection
	GlobalSection(ProjectConfigurationPlatforms) = postSolution
		{19839CA9-EE32-48FD-A864-7BB7F1BE3364}.Debug|x64.ActiveCfg = Debug|x64
		{19839CA9-EE32-48FD-A864-7BB7F1BE3364}.Debug|x64.Build.0 = Debug|x64
		{19839CA9-EE32-48FD-A864-7BB7F1BE3364}.Debug|x86.ActiveCfg = Debug|Win32
		{19839CA9-EE32-48FD-A864-7BB7F1BE3364}.Debug|x86.Build.0 = Debug|Win32
		{19839CA9-EE32-48FD-A864-7BB7F1BE3364}.Release|x64.ActiveCfg = Release|x64
		{19839CA9-EE32-48FD-A864-7BB7F1BE3364}.Release|x64.Build.0 = Release|x64
		{19839CA9-EE32-48FD-A864-7BB7F1BE3364}.Release|x86.ActiveCfg = Release|Win32
		{19839CA9-EE32-48FD-A864-7BB7F1BE3364}.Release|x86.Build.0 = Release|Win32
	EndGlobalSection
	GlobalSection(SolutionProperties) = preSolution
		HideSolutionNode = FALSE
	EndGlobalSection
	GlobalSection(ExtensibilityGlobals) = postSolution
		SolutionGuid = {6740A5C9-DDBD-4F1D-B830-9535406FEDEA}
	EndGlobalSection
EndGlobal
